// !$*UTF8*$!
{
	archiveVersion = 1;
	classes = {
	};
	objectVersion = 50;
	objects = {

/* Begin PBXBuildFile section */
		81DF9EE12147F56900027F0E /* AppDelegate.swift in Sources */ = {isa = PBXBuildFile; fileRef = 81DF9EE02147F56900027F0E /* AppDelegate.swift */; };
		81DF9EE62147F56900027F0E /* Main.storyboard in Resources */ = {isa = PBXBuildFile; fileRef = 81DF9EE42147F56900027F0E /* Main.storyboard */; };
		81DF9EE82147F56B00027F0E /* Assets.xcassets in Resources */ = {isa = PBXBuildFile; fileRef = 81DF9EE72147F56B00027F0E /* Assets.xcassets */; };
		81DF9EEB2147F56B00027F0E /* LaunchScreen.storyboard in Resources */ = {isa = PBXBuildFile; fileRef = 81DF9EE92147F56B00027F0E /* LaunchScreen.storyboard */; };
		81DF9EF62147F56B00027F0E /* WindWakerTests.swift in Sources */ = {isa = PBXBuildFile; fileRef = 81DF9EF52147F56B00027F0E /* WindWakerTests.swift */; };
		81DF9F022147FE1F00027F0E /* WeatherViewController.swift in Sources */ = {isa = PBXBuildFile; fileRef = 81DF9F012147FE1F00027F0E /* WeatherViewController.swift */; };
		81DF9F042147FF8800027F0E /* WeatherCollectionViewCell.swift in Sources */ = {isa = PBXBuildFile; fileRef = 81DF9F032147FF8800027F0E /* WeatherCollectionViewCell.swift */; };
		81DF9F06214800B500027F0E /* Weather.swift in Sources */ = {isa = PBXBuildFile; fileRef = 81DF9F05214800B500027F0E /* Weather.swift */; };
/* End PBXBuildFile section */

/* Begin PBXContainerItemProxy section */
		81DF9EF22147F56B00027F0E /* PBXContainerItemProxy */ = {
			isa = PBXContainerItemProxy;
			containerPortal = 81DF9ED52147F56900027F0E /* Project object */;
			proxyType = 1;
			remoteGlobalIDString = 81DF9EDC2147F56900027F0E;
			remoteInfo = WindWaker;
		};
/* End PBXContainerItemProxy section */

/* Begin PBXFileReference section */
		81DF9EDD2147F56900027F0E /* WindWaker.app */ = {isa = PBXFileReference; explicitFileType = wrapper.application; includeInIndex = 0; path = WindWaker.app; sourceTree = BUILT_PRODUCTS_DIR; };
		81DF9EE02147F56900027F0E /* AppDelegate.swift */ = {isa = PBXFileReference; lastKnownFileType = sourcecode.swift; path = AppDelegate.swift; sourceTree = "<group>"; };
		81DF9EE52147F56900027F0E /* Base */ = {isa = PBXFileReference; lastKnownFileType = file.storyboard; name = Base; path = Base.lproj/Main.storyboard; sourceTree = "<group>"; };
		81DF9EE72147F56B00027F0E /* Assets.xcassets */ = {isa = PBXFileReference; lastKnownFileType = folder.assetcatalog; path = Assets.xcassets; sourceTree = "<group>"; };
		81DF9EEA2147F56B00027F0E /* Base */ = {isa = PBXFileReference; lastKnownFileType = file.storyboard; name = Base; path = Base.lproj/LaunchScreen.storyboard; sourceTree = "<group>"; };
		81DF9EEC2147F56B00027F0E /* Info.plist */ = {isa = PBXFileReference; lastKnownFileType = text.plist.xml; path = Info.plist; sourceTree = "<group>"; };
		81DF9EF12147F56B00027F0E /* WindWakerTests.xctest */ = {isa = PBXFileReference; explicitFileType = wrapper.cfbundle; includeInIndex = 0; path = WindWakerTests.xctest; sourceTree = BUILT_PRODUCTS_DIR; };
		81DF9EF52147F56B00027F0E /* WindWakerTests.swift */ = {isa = PBXFileReference; lastKnownFileType = sourcecode.swift; path = WindWakerTests.swift; sourceTree = "<group>"; };
		81DF9EF72147F56B00027F0E /* Info.plist */ = {isa = PBXFileReference; lastKnownFileType = text.plist.xml; path = Info.plist; sourceTree = "<group>"; };
		81DF9F012147FE1F00027F0E /* WeatherViewController.swift */ = {isa = PBXFileReference; lastKnownFileType = sourcecode.swift; path = WeatherViewController.swift; sourceTree = "<group>"; };
		81DF9F032147FF8800027F0E /* WeatherCollectionViewCell.swift */ = {isa = PBXFileReference; lastKnownFileType = sourcecode.swift; path = WeatherCollectionViewCell.swift; sourceTree = "<group>"; };
		81DF9F05214800B500027F0E /* Weather.swift */ = {isa = PBXFileReference; lastKnownFileType = sourcecode.swift; path = Weather.swift; sourceTree = "<group>"; };
/* End PBXFileReference section */

/* Begin PBXFrameworksBuildPhase section */
		81DF9EDA2147F56900027F0E /* Frameworks */ = {
			isa = PBXFrameworksBuildPhase;
			buildActionMask = 2147483647;
			files = (
			);
			runOnlyForDeploymentPostprocessing = 0;
		};
		81DF9EEE2147F56B00027F0E /* Frameworks */ = {
			isa = PBXFrameworksBuildPhase;
			buildActionMask = 2147483647;
			files = (
			);
			runOnlyForDeploymentPostprocessing = 0;
		};
/* End PBXFrameworksBuildPhase section */

/* Begin PBXGroup section */
		81DF9ED42147F56900027F0E = {
			isa = PBXGroup;
			children = (
				81DF9EDF2147F56900027F0E /* WindWaker */,
				81DF9EF42147F56B00027F0E /* WindWakerTests */,
				81DF9EDE2147F56900027F0E /* Products */,
			);
			sourceTree = "<group>";
		};
		81DF9EDE2147F56900027F0E /* Products */ = {
			isa = PBXGroup;
			children = (
				81DF9EDD2147F56900027F0E /* WindWaker.app */,
				81DF9EF12147F56B00027F0E /* WindWakerTests.xctest */,
			);
			name = Products;
			sourceTree = "<group>";
		};
		81DF9EDF2147F56900027F0E /* WindWaker */ = {
			isa = PBXGroup;
			children = (
				81DF9EE42147F56900027F0E /* Main.storyboard */,
				81DF9F05214800B500027F0E /* Weather.swift */,
				81DF9F032147FF8800027F0E /* WeatherCollectionViewCell.swift */,
				81DF9F012147FE1F00027F0E /* WeatherViewController.swift */,
				81DF9F002147F91500027F0E /* Supporting Files */,
				81DF9EEC2147F56B00027F0E /* Info.plist */,
			);
			path = WindWaker;
			sourceTree = "<group>";
		};
		81DF9EF42147F56B00027F0E /* WindWakerTests */ = {
			isa = PBXGroup;
			children = (
				81DF9EF52147F56B00027F0E /* WindWakerTests.swift */,
				81DF9EF72147F56B00027F0E /* Info.plist */,
			);
			path = WindWakerTests;
			sourceTree = "<group>";
		};
		81DF9F002147F91500027F0E /* Supporting Files */ = {
			isa = PBXGroup;
			children = (
				81DF9EE02147F56900027F0E /* AppDelegate.swift */,
				81DF9EE72147F56B00027F0E /* Assets.xcassets */,
				81DF9EE92147F56B00027F0E /* LaunchScreen.storyboard */,
			);
			path = "Supporting Files";
			sourceTree = "<group>";
		};
/* End PBXGroup section */

/* Begin PBXNativeTarget section */
		81DF9EDC2147F56900027F0E /* WindWaker */ = {
			isa = PBXNativeTarget;
			buildConfigurationList = 81DF9EFA2147F56B00027F0E /* Build configuration list for PBXNativeTarget "WindWaker" */;
			buildPhases = (
				81DF9ED92147F56900027F0E /* Sources */,
				81DF9EDA2147F56900027F0E /* Frameworks */,
				81DF9EDB2147F56900027F0E /* Resources */,
			);
			buildRules = (
			);
			dependencies = (
			);
			name = WindWaker;
			productName = WindWaker;
			productReference = 81DF9EDD2147F56900027F0E /* WindWaker.app */;
			productType = "com.apple.product-type.application";
		};
		81DF9EF02147F56B00027F0E /* WindWakerTests */ = {
			isa = PBXNativeTarget;
			buildConfigurationList = 81DF9EFD2147F56B00027F0E /* Build configuration list for PBXNativeTarget "WindWakerTests" */;
			buildPhases = (
				81DF9EED2147F56B00027F0E /* Sources */,
				81DF9EEE2147F56B00027F0E /* Frameworks */,
				81DF9EEF2147F56B00027F0E /* Resources */,
			);
			buildRules = (
			);
			dependencies = (
				81DF9EF32147F56B00027F0E /* PBXTargetDependency */,
			);
			name = WindWakerTests;
			productName = WindWakerTests;
			productReference = 81DF9EF12147F56B00027F0E /* WindWakerTests.xctest */;
			productType = "com.apple.product-type.bundle.unit-test";
		};
/* End PBXNativeTarget section */

/* Begin PBXProject section */
		81DF9ED52147F56900027F0E /* Project object */ = {
			isa = PBXProject;
			attributes = {
				LastSwiftUpdateCheck = 0940;
				LastUpgradeCheck = 0940;
				ORGANIZATIONNAME = C4Q;
				TargetAttributes = {
					81DF9EDC2147F56900027F0E = {
						CreatedOnToolsVersion = 9.4.1;
					};
					81DF9EF02147F56B00027F0E = {
						CreatedOnToolsVersion = 9.4.1;
						TestTargetID = 81DF9EDC2147F56900027F0E;
					};
				};
			};
			buildConfigurationList = 81DF9ED82147F56900027F0E /* Build configuration list for PBXProject "WindWaker" */;
			compatibilityVersion = "Xcode 9.3";
			developmentRegion = en;
			hasScannedForEncodings = 0;
			knownRegions = (
				en,
				Base,
			);
			mainGroup = 81DF9ED42147F56900027F0E;
			productRefGroup = 81DF9EDE2147F56900027F0E /* Products */;
			projectDirPath = "";
			projectRoot = "";
			targets = (
				81DF9EDC2147F56900027F0E /* WindWaker */,
				81DF9EF02147F56B00027F0E /* WindWakerTests */,
			);
		};
/* End PBXProject section */

/* Begin PBXResourcesBuildPhase section */
		81DF9EDB2147F56900027F0E /* Resources */ = {
			isa = PBXResourcesBuildPhase;
			buildActionMask = 2147483647;
			files = (
				81DF9EEB2147F56B00027F0E /* LaunchScreen.storyboard in Resources */,
				81DF9EE82147F56B00027F0E /* Assets.xcassets in Resources */,
				81DF9EE62147F56900027F0E /* Main.storyboard in Resources */,
			);
			runOnlyForDeploymentPostprocessing = 0;
		};
		81DF9EEF2147F56B00027F0E /* Resources */ = {
			isa = PBXResourcesBuildPhase;
			buildActionMask = 2147483647;
			files = (
			);
			runOnlyForDeploymentPostprocessing = 0;
		};
/* End PBXResourcesBuildPhase section */

/* Begin PBXSourcesBuildPhase section */
		81DF9ED92147F56900027F0E /* Sources */ = {
			isa = PBXSourcesBuildPhase;
			buildActionMask = 2147483647;
			files = (
				81DF9F06214800B500027F0E /* Weather.swift in Sources */,
				81DF9F042147FF8800027F0E /* WeatherCollectionViewCell.swift in Sources */,
				81DF9EE12147F56900027F0E /* AppDelegate.swift in Sources */,
				81DF9F022147FE1F00027F0E /* WeatherViewController.swift in Sources */,
			);
			runOnlyForDeploymentPostprocessing = 0;
		};
		81DF9EED2147F56B00027F0E /* Sources */ = {
			isa = PBXSourcesBuildPhase;
			buildActionMask = 2147483647;
			files = (
				81DF9EF62147F56B00027F0E /* WindWakerTests.swift in Sources */,
			);
			runOnlyForDeploymentPostprocessing = 0;
		};
/* End PBXSourcesBuildPhase section */

/* Begin PBXTargetDependency section */
		81DF9EF32147F56B00027F0E /* PBXTargetDependency */ = {
			isa = PBXTargetDependency;
			target = 81DF9EDC2147F56900027F0E /* WindWaker */;
			targetProxy = 81DF9EF22147F56B00027F0E /* PBXContainerItemProxy */;
		};
/* End PBXTargetDependency section */

/* Begin PBXVariantGroup section */
		81DF9EE42147F56900027F0E /* Main.storyboard */ = {
			isa = PBXVariantGroup;
			children = (
				81DF9EE52147F56900027F0E /* Base */,
			);
			name = Main.storyboard;
			sourceTree = "<group>";
		};
		81DF9EE92147F56B00027F0E /* LaunchScreen.storyboard */ = {
			isa = PBXVariantGroup;
			children = (
				81DF9EEA2147F56B00027F0E /* Base */,
			);
			name = LaunchScreen.storyboard;
			sourceTree = "<group>";
		};
/* End PBXVariantGroup section */

/* Begin XCBuildConfiguration section */
		81DF9EF82147F56B00027F0E /* Debug */ = {
			isa = XCBuildConfiguration;
			buildSettings = {
				ALWAYS_SEARCH_USER_PATHS = NO;
				CLANG_ANALYZER_NONNULL = YES;
				CLANG_ANALYZER_NUMBER_OBJECT_CONVERSION = YES_AGGRESSIVE;
				CLANG_CXX_LANGUAGE_STANDARD = "gnu++14";
				CLANG_CXX_LIBRARY = "libc++";
				CLANG_ENABLE_MODULES = YES;
				CLANG_ENABLE_OBJC_ARC = YES;
				CLANG_ENABLE_OBJC_WEAK = YES;
				CLANG_WARN_BLOCK_CAPTURE_AUTORELEASING = YES;
				CLANG_WARN_BOOL_CONVERSION = YES;
				CLANG_WARN_COMMA = YES;
				CLANG_WARN_CONSTANT_CONVERSION = YES;
				CLANG_WARN_DEPRECATED_OBJC_IMPLEMENTATIONS = YES;
				CLANG_WARN_DIRECT_OBJC_ISA_USAGE = YES_ERROR;
				CLANG_WARN_DOCUMENTATION_COMMENTS = YES;
				CLANG_WARN_EMPTY_BODY = YES;
				CLANG_WARN_ENUM_CONVERSION = YES;
				CLANG_WARN_INFINITE_RECURSION = YES;
				CLANG_WARN_INT_CONVERSION = YES;
				CLANG_WARN_NON_LITERAL_NULL_CONVERSION = YES;
				CLANG_WARN_OBJC_IMPLICIT_RETAIN_SELF = YES;
				CLANG_WARN_OBJC_LITERAL_CONVERSION = YES;
				CLANG_WARN_OBJC_ROOT_CLASS = YES_ERROR;
				CLANG_WARN_RANGE_LOOP_ANALYSIS = YES;
				CLANG_WARN_STRICT_PROTOTYPES = YES;
				CLANG_WARN_SUSPICIOUS_MOVE = YES;
				CLANG_WARN_UNGUARDED_AVAILABILITY = YES_AGGRESSIVE;
				CLANG_WARN_UNREACHABLE_CODE = YES;
				CLANG_WARN__DUPLICATE_METHOD_MATCH = YES;
				CODE_SIGN_IDENTITY = "iPhone Developer";
				COPY_PHASE_STRIP = NO;
				DEBUG_INFORMATION_FORMAT = dwarf;
				ENABLE_STRICT_OBJC_MSGSEND = YES;
				ENABLE_TESTABILITY = YES;
				GCC_C_LANGUAGE_STANDARD = gnu11;
				GCC_DYNAMIC_NO_PIC = NO;
				GCC_NO_COMMON_BLOCKS = YES;
				GCC_OPTIMIZATION_LEVEL = 0;
				GCC_PREPROCESSOR_DEFINITIONS = (
					"DEBUG=1",
					"$(inherited)",
				);
				GCC_WARN_64_TO_32_BIT_CONVERSION = YES;
				GCC_WARN_ABOUT_RETURN_TYPE = YES_ERROR;
				GCC_WARN_UNDECLARED_SELECTOR = YES;
				GCC_WARN_UNINITIALIZED_AUTOS = YES_AGGRESSIVE;
				GCC_WARN_UNUSED_FUNCTION = YES;
				GCC_WARN_UNUSED_VARIABLE = YES;
				IPHONEOS_DEPLOYMENT_TARGET = 11.4;
				MTL_ENABLE_DEBUG_INFO = YES;
				ONLY_ACTIVE_ARCH = YES;
				SDKROOT = iphoneos;
				SWIFT_ACTIVE_COMPILATION_CONDITIONS = DEBUG;
				SWIFT_OPTIMIZATION_LEVEL = "-Onone";
			};
			name = Debug;
		};
		81DF9EF92147F56B00027F0E /* Release */ = {
			isa = XCBuildConfiguration;
			buildSettings = {
				ALWAYS_SEARCH_USER_PATHS = NO;
				CLANG_ANALYZER_NONNULL = YES;
				CLANG_ANALYZER_NUMBER_OBJECT_CONVERSION = YES_AGGRESSIVE;
				CLANG_CXX_LANGUAGE_STANDARD = "gnu++14";
				CLANG_CXX_LIBRARY = "libc++";
				CLANG_ENABLE_MODULES = YES;
				CLANG_ENABLE_OBJC_ARC = YES;
				CLANG_ENABLE_OBJC_WEAK = YES;
				CLANG_WARN_BLOCK_CAPTURE_AUTORELEASING = YES;
				CLANG_WARN_BOOL_CONVERSION = YES;
				CLANG_WARN_COMMA = YES;
				CLANG_WARN_CONSTANT_CONVERSION = YES;
				CLANG_WARN_DEPRECATED_OBJC_IMPLEMENTATIONS = YES;
				CLANG_WARN_DIRECT_OBJC_ISA_USAGE = YES_ERROR;
				CLANG_WARN_DOCUMENTATION_COMMENTS = YES;
				CLANG_WARN_EMPTY_BODY = YES;
				CLANG_WARN_ENUM_CONVERSION = YES;
				CLANG_WARN_INFINITE_RECURSION = YES;
				CLANG_WARN_INT_CONVERSION = YES;
				CLANG_WARN_NON_LITERAL_NULL_CONVERSION = YES;
				CLANG_WARN_OBJC_IMPLICIT_RETAIN_SELF = YES;
				CLANG_WARN_OBJC_LITERAL_CONVERSION = YES;
				CLANG_WARN_OBJC_ROOT_CLASS = YES_ERROR;
				CLANG_WARN_RANGE_LOOP_ANALYSIS = YES;
				CLANG_WARN_STRICT_PROTOTYPES = YES;
				CLANG_WARN_SUSPICIOUS_MOVE = YES;
				CLANG_WARN_UNGUARDED_AVAILABILITY = YES_AGGRESSIVE;
				CLANG_WARN_UNREACHABLE_CODE = YES;
				CLANG_WARN__DUPLICATE_METHOD_MATCH = YES;
				CODE_SIGN_IDENTITY = "iPhone Developer";
				COPY_PHASE_STRIP = NO;
				DEBUG_INFORMATION_FORMAT = "dwarf-with-dsym";
				ENABLE_NS_ASSERTIONS = NO;
				ENABLE_STRICT_OBJC_MSGSEND = YES;
				GCC_C_LANGUAGE_STANDARD = gnu11;
				GCC_NO_COMMON_BLOCKS = YES;
				GCC_WARN_64_TO_32_BIT_CONVERSION = YES;
				GCC_WARN_ABOUT_RETURN_TYPE = YES_ERROR;
				GCC_WARN_UNDECLARED_SELECTOR = YES;
				GCC_WARN_UNINITIALIZED_AUTOS = YES_AGGRESSIVE;
				GCC_WARN_UNUSED_FUNCTION = YES;
				GCC_WARN_UNUSED_VARIABLE = YES;
				IPHONEOS_DEPLOYMENT_TARGET = 11.4;
				MTL_ENABLE_DEBUG_INFO = NO;
				SDKROOT = iphoneos;
				SWIFT_COMPILATION_MODE = wholemodule;
				SWIFT_OPTIMIZATION_LEVEL = "-O";
				VALIDATE_PRODUCT = YES;
			};
			name = Release;
		};
		81DF9EFB2147F56B00027F0E /* Debug */ = {
			isa = XCBuildConfiguration;
			buildSettings = {
				ASSETCATALOG_COMPILER_APPICON_NAME = AppIcon;
				CODE_SIGN_STYLE = Automatic;
				DEVELOPMENT_TEAM = 3B9BY3LUJD;
				INFOPLIST_FILE = WindWaker/Info.plist;
				LD_RUNPATH_SEARCH_PATHS = (
					"$(inherited)",
					"@executable_path/Frameworks",
				);
				PRODUCT_BUNDLE_IDENTIFIER = com.WindWaker;
				PRODUCT_NAME = "$(TARGET_NAME)";
				SWIFT_VERSION = 4.0;
				TARGETED_DEVICE_FAMILY = "1,2";
			};
			name = Debug;
		};
		81DF9EFC2147F56B00027F0E /* Release */ = {
			isa = XCBuildConfiguration;
			buildSettings = {
				ASSETCATALOG_COMPILER_APPICON_NAME = AppIcon;
				CODE_SIGN_STYLE = Automatic;
				DEVELOPMENT_TEAM = 3B9BY3LUJD;
				INFOPLIST_FILE = WindWaker/Info.plist;
				LD_RUNPATH_SEARCH_PATHS = (
					"$(inherited)",
					"@executable_path/Frameworks",
				);
				PRODUCT_BUNDLE_IDENTIFIER = com.WindWaker;
				PRODUCT_NAME = "$(TARGET_NAME)";
				SWIFT_VERSION = 4.0;
				TARGETED_DEVICE_FAMILY = "1,2";
			};
			name = Release;
		};
		81DF9EFE2147F56B00027F0E /* Debug */ = {
			isa = XCBuildConfiguration;
			buildSettings = {
				ALWAYS_EMBED_SWIFT_STANDARD_LIBRARIES = YES;
				BUNDLE_LOADER = "$(TEST_HOST)";
				CODE_SIGN_STYLE = Automatic;
				DEVELOPMENT_TEAM = 3B9BY3LUJD;
				INFOPLIST_FILE = WindWakerTests/Info.plist;
				LD_RUNPATH_SEARCH_PATHS = (
					"$(inherited)",
					"@executable_path/Frameworks",
					"@loader_path/Frameworks",
				);
				PRODUCT_BUNDLE_IDENTIFIER = c.WindWakerTests;
				PRODUCT_NAME = "$(TARGET_NAME)";
				SWIFT_VERSION = 4.0;
				TARGETED_DEVICE_FAMILY = "1,2";
				TEST_HOST = "$(BUILT_PRODUCTS_DIR)/WindWaker.app/WindWaker";
			};
			name = Debug;
		};
		81DF9EFF2147F56B00027F0E /* Release */ = {
			isa = XCBuildConfiguration;
			buildSettings = {
				ALWAYS_EMBED_SWIFT_STANDARD_LIBRARIES = YES;
				BUNDLE_LOADER = "$(TEST_HOST)";
				CODE_SIGN_STYLE = Automatic;
				DEVELOPMENT_TEAM = 3B9BY3LUJD;
				INFOPLIST_FILE = WindWakerTests/Info.plist;
				LD_RUNPATH_SEARCH_PATHS = (
					"$(inherited)",
					"@executable_path/Frameworks",
					"@loader_path/Frameworks",
				);
				PRODUCT_BUNDLE_IDENTIFIER = c.WindWakerTests;
				PRODUCT_NAME = "$(TARGET_NAME)";
				SWIFT_VERSION = 4.0;
				TARGETED_DEVICE_FAMILY = "1,2";
				TEST_HOST = "$(BUILT_PRODUCTS_DIR)/WindWaker.app/WindWaker";
			};
			name = Release;
		};
/* End XCBuildConfiguration section */

/* Begin XCConfigurationList section */
		81DF9ED82147F56900027F0E /* Build configuration list for PBXProject "WindWaker" */ = {
			isa = XCConfigurationList;
			buildConfigurations = (
				81DF9EF82147F56B00027F0E /* Debug */,
				81DF9EF92147F56B00027F0E /* Release */,
			);
			defaultConfigurationIsVisible = 0;
			defaultConfigurationName = Release;
		};
		81DF9EFA2147F56B00027F0E /* Build configuration list for PBXNativeTarget "WindWaker" */ = {
			isa = XCConfigurationList;
			buildConfigurations = (
				81DF9EFB2147F56B00027F0E /* Debug */,
				81DF9EFC2147F56B00027F0E /* Release */,
			);
			defaultConfigurationIsVisible = 0;
			defaultConfigurationName = Release;
		};
		81DF9EFD2147F56B00027F0E /* Build configuration list for PBXNativeTarget "WindWakerTests" */ = {
			isa = XCConfigurationList;
			buildConfigurations = (
				81DF9EFE2147F56B00027F0E /* Debug */,
				81DF9EFF2147F56B00027F0E /* Release */,
			);
			defaultConfigurationIsVisible = 0;
			defaultConfigurationName = Release;
		};
/* End XCConfigurationList section */
	};
	rootObject = 81DF9ED52147F56900027F0E /* Project object */;
}
